
Microsoft Visual Studio Solution File, Format Version 12.00
# Visual Studio Version 17
VisualStudioVersion = 17.14.36717.8 d17.14
MinimumVisualStudioVersion = 10.0.40219.1
Project("{FAE04EC0-301F-11D3-BF4B-00C04F79EFBC}") = "Learning", "Learning\Learning.csproj", "{21F02E71-CDE1-473C-B3E9-FD8E48D7677A}"
EndProject
Global
	GlobalSection(SolutionConfigurationPlatforms) = preSolution
		Debug|Any CPU = Debug|Any CPU
		Release|Any CPU = Release|Any CPU
	EndGlobalSection
	GlobalSection(ProjectConfigurationPlatforms) = postSolution
		{21F02E71-CDE1-473C-B3E9-FD8E48D7677A}.Debug|Any CPU.ActiveCfg = Debug|Any CPU
		{21F02E71-CDE1-473C-B3E9-FD8E48D7677A}.Debug|Any CPU.Build.0 = Debug|Any CPU
		{21F02E71-CDE1-473C-B3E9-FD8E48D7677A}.Release|Any CPU.ActiveCfg = Release|Any CPU
		{21F02E71-CDE1-473C-B3E9-FD8E48D7677A}.Release|Any CPU.Build.0 = Release|Any CPU
	EndGlobalSection
	GlobalSection(SolutionProperties) = preSolution
		HideSolutionNode = FALSE
	EndGlobalSection
	GlobalSection(ExtensibilityGlobals) = postSolution
		SolutionGuid = {1141FC77-758B-453E-9F59-B15151142920}
	EndGlobalSection
EndGlobal
